// !$*UTF8*$!
{
	archiveVersion = 1;
	classes = {
	};
	objectVersion = 50;
	objects = {

/* Begin PBXBuildFile section */
		3AFA382B22B453FD00C34C2E /* AppDelegate.swift in Sources */ = {isa = PBXBuildFile; fileRef = 3AFA382A22B453FD00C34C2E /* AppDelegate.swift */; };
		3AFA383022B453FD00C34C2E /* Main.storyboard in Resources */ = {isa = PBXBuildFile; fileRef = 3AFA382E22B453FD00C34C2E /* Main.storyboard */; };
		3AFA383222B453FD00C34C2E /* Assets.xcassets in Resources */ = {isa = PBXBuildFile; fileRef = 3AFA383122B453FD00C34C2E /* Assets.xcassets */; };
		3AFA383522B453FD00C34C2E /* LaunchScreen.storyboard in Resources */ = {isa = PBXBuildFile; fileRef = 3AFA383322B453FD00C34C2E /* LaunchScreen.storyboard */; };
		3AFA383F22B4549200C34C2E /* SuperModel.swift in Sources */ = {isa = PBXBuildFile; fileRef = 3AFA383E22B4549200C34C2E /* SuperModel.swift */; };
/* End PBXBuildFile section */

/* Begin PBXFileReference section */
		3AFA382722B453FD00C34C2E /* gitpractice4.app */ = {isa = PBXFileReference; explicitFileType = wrapper.application; includeInIndex = 0; path = gitpractice4.app; sourceTree = BUILT_PRODUCTS_DIR; };
		3AFA382A22B453FD00C34C2E /* AppDelegate.swift */ = {isa = PBXFileReference; lastKnownFileType = sourcecode.swift; path = AppDelegate.swift; sourceTree = "<group>"; };
		3AFA382F22B453FD00C34C2E /* Base */ = {isa = PBXFileReference; lastKnownFileType = file.storyboard; name = Base; path = Base.lproj/Main.storyboard; sourceTree = "<group>"; };
		3AFA383122B453FD00C34C2E /* Assets.xcassets */ = {isa = PBXFileReference; lastKnownFileType = folder.assetcatalog; path = Assets.xcassets; sourceTree = "<group>"; };
		3AFA383422B453FD00C34C2E /* Base */ = {isa = PBXFileReference; lastKnownFileType = file.storyboard; name = Base; path = Base.lproj/LaunchScreen.storyboard; sourceTree = "<group>"; };
		3AFA383622B453FD00C34C2E /* Info.plist */ = {isa = PBXFileReference; lastKnownFileType = text.plist.xml; path = Info.plist; sourceTree = "<group>"; };
		3AFA383E22B4549200C34C2E /* SuperModel.swift */ = {isa = PBXFileReference; lastKnownFileType = sourcecode.swift; path = SuperModel.swift; sourceTree = "<group>"; };
/* End PBXFileReference section */

/* Begin PBXFrameworksBuildPhase section */
		3AFA382422B453FD00C34C2E /* Frameworks */ = {
			isa = PBXFrameworksBuildPhase;
			buildActionMask = 2147483647;
			files = (
			);
			runOnlyForDeploymentPostprocessing = 0;
		};
/* End PBXFrameworksBuildPhase section */

/* Begin PBXGroup section */
		3AFA381E22B453FD00C34C2E = {
			isa = PBXGroup;
			children = (
				3AFA382922B453FD00C34C2E /* gitpractice4 */,
				3AFA382822B453FD00C34C2E /* Products */,
			);
			sourceTree = "<group>";
		};
		3AFA382822B453FD00C34C2E /* Products */ = {
			isa = PBXGroup;
			children = (
				3AFA382722B453FD00C34C2E /* gitpractice4.app */,
			);
			name = Products;
			sourceTree = "<group>";
		};
		3AFA382922B453FD00C34C2E /* gitpractice4 */ = {
			isa = PBXGroup;
			children = (
				3AFA383D22B4547800C34C2E /* bluralu */,
				3AFA383C22B4547200C34C2E /* Models */,
				3AFA382A22B453FD00C34C2E /* AppDelegate.swift */,
				3AFA382E22B453FD00C34C2E /* Main.storyboard */,
				3AFA383122B453FD00C34C2E /* Assets.xcassets */,
				3AFA383322B453FD00C34C2E /* LaunchScreen.storyboard */,
				3AFA383622B453FD00C34C2E /* Info.plist */,
			);
			path = gitpractice4;
			sourceTree = "<group>";
		};
		3AFA383C22B4547200C34C2E /* Models */ = {
			isa = PBXGroup;
			children = (
				3AFA383E22B4549200C34C2E /* SuperModel.swift */,
			);
			path = Models;
			sourceTree = "<group>";
		};
		3AFA383D22B4547800C34C2E /* bluralu */ = {
			isa = PBXGroup;
			children = (
			);
			path = bluralu;
			sourceTree = "<group>";
		};
/* End PBXGroup section */

/* Begin PBXNativeTarget section */
		3AFA382622B453FD00C34C2E /* gitpractice4 */ = {
			isa = PBXNativeTarget;
			buildConfigurationList = 3AFA383922B453FD00C34C2E /* Build configuration list for PBXNativeTarget "gitpractice4" */;
			buildPhases = (
				3AFA382322B453FD00C34C2E /* Sources */,
				3AFA382422B453FD00C34C2E /* Frameworks */,
				3AFA382522B453FD00C34C2E /* Resources */,
			);
			buildRules = (
			);
			dependencies = (
			);
			name = gitpractice4;
			productName = gitpractice4;
			productReference = 3AFA382722B453FD00C34C2E /* gitpractice4.app */;
			productType = "com.apple.product-type.application";
		};
/* End PBXNativeTarget section */

/* Begin PBXProject section */
		3AFA381F22B453FD00C34C2E /* Project object */ = {
			isa = PBXProject;
			attributes = {
				LastSwiftUpdateCheck = 1020;
				LastUpgradeCheck = 1020;
				ORGANIZATIONNAME = "Drew Seeholzer";
				TargetAttributes = {
					3AFA382622B453FD00C34C2E = {
						CreatedOnToolsVersion = 10.2.1;
					};
				};
			};
			buildConfigurationList = 3AFA382222B453FD00C34C2E /* Build configuration list for PBXProject "gitpractice4" */;
			compatibilityVersion = "Xcode 9.3";
			developmentRegion = en;
			hasScannedForEncodings = 0;
			knownRegions = (
				en,
				Base,
			);
			mainGroup = 3AFA381E22B453FD00C34C2E;
			productRefGroup = 3AFA382822B453FD00C34C2E /* Products */;
			projectDirPath = "";
			projectRoot = "";
			targets = (
				3AFA382622B453FD00C34C2E /* gitpractice4 */,
			);
		};
/* End PBXProject section */

/* Begin PBXResourcesBuildPhase section */
		3AFA382522B453FD00C34C2E /* Resources */ = {
			isa = PBXResourcesBuildPhase;
			buildActionMask = 2147483647;
			files = (
				3AFA383522B453FD00C34C2E /* LaunchScreen.storyboard in Resources */,
				3AFA383222B453FD00C34C2E /* Assets.xcassets in Resources */,
				3AFA383022B453FD00C34C2E /* Main.storyboard in Resources */,
			);
			runOnlyForDeploymentPostprocessing = 0;
		};
/* End PBXResourcesBuildPhase section */

/* Begin PBXSourcesBuildPhase section */
		3AFA382322B453FD00C34C2E /* Sources */ = {
			isa = PBXSourcesBuildPhase;
			buildActionMask = 2147483647;
			files = (
				3AFA382B22B453FD00C34C2E /* AppDelegate.swift in Sources */,
				3AFA383F22B4549200C34C2E /* SuperModel.swift in Sources */,
			);
			runOnlyForDeploymentPostprocessing = 0;
		};
/* End PBXSourcesBuildPhase section */

/* Begin PBXVariantGroup section */
		3AFA382E22B453FD00C34C2E /* Main.storyboard */ = {
			isa = PBXVariantGroup;
			children = (
				3AFA382F22B453FD00C34C2E /* Base */,
			);
			name = Main.storyboard;
			sourceTree = "<group>";
		};
		3AFA383322B453FD00C34C2E /* LaunchScreen.storyboard */ = {
			isa = PBXVariantGroup;
			children = (
				3AFA383422B453FD00C34C2E /* Base */,
			);
			name = LaunchScreen.storyboard;
			sourceTree = "<group>";
		};
/* End PBXVariantGroup section */

/* Begin XCBuildConfiguration section */
		3AFA383722B453FD00C34C2E /* Debug */ = {
			isa = XCBuildConfiguration;
			buildSettings = {
				ALWAYS_SEARCH_USER_PATHS = NO;
				CLANG_ANALYZER_NONNULL = YES;
				CLANG_ANALYZER_NUMBER_OBJECT_CONVERSION = YES_AGGRESSIVE;
				CLANG_CXX_LANGUAGE_STANDARD = "gnu++14";
				CLANG_CXX_LIBRARY = "libc++";
				CLANG_ENABLE_MODULES = YES;
				CLANG_ENABLE_OBJC_ARC = YES;
				CLANG_ENABLE_OBJC_WEAK = YES;
				CLANG_WARN_BLOCK_CAPTURE_AUTORELEASING = YES;
				CLANG_WARN_BOOL_CONVERSION = YES;
				CLANG_WARN_COMMA = YES;
				CLANG_WARN_CONSTANT_CONVERSION = YES;
				CLANG_WARN_DEPRECATED_OBJC_IMPLEMENTATIONS = YES;
				CLANG_WARN_DIRECT_OBJC_ISA_USAGE = YES_ERROR;
				CLANG_WARN_DOCUMENTATION_COMMENTS = YES;
				CLANG_WARN_EMPTY_BODY = YES;
				CLANG_WARN_ENUM_CONVERSION = YES;
				CLANG_WARN_INFINITE_RECURSION = YES;
				CLANG_WARN_INT_CONVERSION = YES;
				CLANG_WARN_NON_LITERAL_NULL_CONVERSION = YES;
				CLANG_WARN_OBJC_IMPLICIT_RETAIN_SELF = YES;
				CLANG_WARN_OBJC_LITERAL_CONVERSION = YES;
				CLANG_WARN_OBJC_ROOT_CLASS = YES_ERROR;
				CLANG_WARN_RANGE_LOOP_ANALYSIS = YES;
				CLANG_WARN_STRICT_PROTOTYPES = YES;
				CLANG_WARN_SUSPICIOUS_MOVE = YES;
				CLANG_WARN_UNGUARDED_AVAILABILITY = YES_AGGRESSIVE;
				CLANG_WARN_UNREACHABLE_CODE = YES;
				CLANG_WARN__DUPLICATE_METHOD_MATCH = YES;
				CODE_SIGN_IDENTITY = "iPhone Developer";
				COPY_PHASE_STRIP = NO;
				DEBUG_INFORMATION_FORMAT = dwarf;
				ENABLE_STRICT_OBJC_MSGSEND = YES;
				ENABLE_TESTABILITY = YES;
				GCC_C_LANGUAGE_STANDARD = gnu11;
				GCC_DYNAMIC_NO_PIC = NO;
				GCC_NO_COMMON_BLOCKS = YES;
				GCC_OPTIMIZATION_LEVEL = 0;
				GCC_PREPROCESSOR_DEFINITIONS = (
					"DEBUG=1",
					"$(inherited)",
				);
				GCC_WARN_64_TO_32_BIT_CONVERSION = YES;
				GCC_WARN_ABOUT_RETURN_TYPE = YES_ERROR;
				GCC_WARN_UNDECLARED_SELECTOR = YES;
				GCC_WARN_UNINITIALIZED_AUTOS = YES_AGGRESSIVE;
				GCC_WARN_UNUSED_FUNCTION = YES;
				GCC_WARN_UNUSED_VARIABLE = YES;
				IPHONEOS_DEPLOYMENT_TARGET = 12.2;
				MTL_ENABLE_DEBUG_INFO = INCLUDE_SOURCE;
				MTL_FAST_MATH = YES;
				ONLY_ACTIVE_ARCH = YES;
				SDKROOT = iphoneos;
				SWIFT_ACTIVE_COMPILATION_CONDITIONS = DEBUG;
				SWIFT_OPTIMIZATION_LEVEL = "-Onone";
			};
			name = Debug;
		};
		3AFA383822B453FD00C34C2E /* Release */ = {
			isa = XCBuildConfiguration;
			buildSettings = {
				ALWAYS_SEARCH_USER_PATHS = NO;
				CLANG_ANALYZER_NONNULL = YES;
				CLANG_ANALYZER_NUMBER_OBJECT_CONVERSION = YES_AGGRESSIVE;
				CLANG_CXX_LANGUAGE_STANDARD = "gnu++14";
				CLANG_CXX_LIBRARY = "libc++";
				CLANG_ENABLE_MODULES = YES;
				CLANG_ENABLE_OBJC_ARC = YES;
				CLANG_ENABLE_OBJC_WEAK = YES;
				CLANG_WARN_BLOCK_CAPTURE_AUTORELEASING = YES;
				CLANG_WARN_BOOL_CONVERSION = YES;
				CLANG_WARN_COMMA = YES;
				CLANG_WARN_CONSTANT_CONVERSION = YES;
				CLANG_WARN_DEPRECATED_OBJC_IMPLEMENTATIONS = YES;
				CLANG_WARN_DIRECT_OBJC_ISA_USAGE = YES_ERROR;
				CLANG_WARN_DOCUMENTATION_COMMENTS = YES;
				CLANG_WARN_EMPTY_BODY = YES;
				CLANG_WARN_ENUM_CONVERSION = YES;
				CLANG_WARN_INFINITE_RECURSION = YES;
				CLANG_WARN_INT_CONVERSION = YES;
				CLANG_WARN_NON_LITERAL_NULL_CONVERSION = YES;
				CLANG_WARN_OBJC_IMPLICIT_RETAIN_SELF = YES;
				CLANG_WARN_OBJC_LITERAL_CONVERSION = YES;
				CLANG_WARN_OBJC_ROOT_CLASS = YES_ERROR;
				CLANG_WARN_RANGE_LOOP_ANALYSIS = YES;
				CLANG_WARN_STRICT_PROTOTYPES = YES;
				CLANG_WARN_SUSPICIOUS_MOVE = YES;
				CLANG_WARN_UNGUARDED_AVAILABILITY = YES_AGGRESSIVE;
				CLANG_WARN_UNREACHABLE_CODE = YES;
				CLANG_WARN__DUPLICATE_METHOD_MATCH = YES;
				CODE_SIGN_IDENTITY = "iPhone Developer";
				COPY_PHASE_STRIP = NO;
				DEBUG_INFORMATION_FORMAT = "dwarf-with-dsym";
				ENABLE_NS_ASSERTIONS = NO;
				ENABLE_STRICT_OBJC_MSGSEND = YES;
				GCC_C_LANGUAGE_STANDARD = gnu11;
				GCC_NO_COMMON_BLOCKS = YES;
				GCC_WARN_64_TO_32_BIT_CONVERSION = YES;
				GCC_WARN_ABOUT_RETURN_TYPE = YES_ERROR;
				GCC_WARN_UNDECLARED_SELECTOR = YES;
				GCC_WARN_UNINITIALIZED_AUTOS = YES_AGGRESSIVE;
				GCC_WARN_UNUSED_FUNCTION = YES;
				GCC_WARN_UNUSED_VARIABLE = YES;
				IPHONEOS_DEPLOYMENT_TARGET = 12.2;
				MTL_ENABLE_DEBUG_INFO = NO;
				MTL_FAST_MATH = YES;
				SDKROOT = iphoneos;
				SWIFT_COMPILATION_MODE = wholemodule;
				SWIFT_OPTIMIZATION_LEVEL = "-O";
				VALIDATE_PRODUCT = YES;
			};
			name = Release;
		};
		3AFA383A22B453FD00C34C2E /* Debug */ = {
			isa = XCBuildConfiguration;
			buildSettings = {
				ASSETCATALOG_COMPILER_APPICON_NAME = AppIcon;
				CODE_SIGN_STYLE = Automatic;
				DEVELOPMENT_TEAM = 49NKW8MQX9;
				INFOPLIST_FILE = gitpractice4/Info.plist;
				LD_RUNPATH_SEARCH_PATHS = (
					"$(inherited)",
					"@executable_path/Frameworks",
				);
				PRODUCT_BUNDLE_IDENTIFIER = Uhhhh.gitpractice4;
				PRODUCT_NAME = "$(TARGET_NAME)";
				SWIFT_VERSION = 5.0;
				TARGETED_DEVICE_FAMILY = "1,2";
			};
			name = Debug;
		};
		3AFA383B22B453FD00C34C2E /* Release */ = {
			isa = XCBuildConfiguration;
			buildSettings = {
				ASSETCATALOG_COMPILER_APPICON_NAME = AppIcon;
				CODE_SIGN_STYLE = Automatic;
				DEVELOPMENT_TEAM = 49NKW8MQX9;
				INFOPLIST_FILE = gitpractice4/Info.plist;
				LD_RUNPATH_SEARCH_PATHS = (
					"$(inherited)",
					"@executable_path/Frameworks",
				);
				PRODUCT_BUNDLE_IDENTIFIER = Uhhhh.gitpractice4;
				PRODUCT_NAME = "$(TARGET_NAME)";
				SWIFT_VERSION = 5.0;
				TARGETED_DEVICE_FAMILY = "1,2";
			};
			name = Release;
		};
/* End XCBuildConfiguration section */

/* Begin XCConfigurationList section */
		3AFA382222B453FD00C34C2E /* Build configuration list for PBXProject "gitpractice4" */ = {
			isa = XCConfigurationList;
			buildConfigurations = (
				3AFA383722B453FD00C34C2E /* Debug */,
				3AFA383822B453FD00C34C2E /* Release */,
			);
			defaultConfigurationIsVisible = 0;
			defaultConfigurationName = Release;
		};
		3AFA383922B453FD00C34C2E /* Build configuration list for PBXNativeTarget "gitpractice4" */ = {
			isa = XCConfigurationList;
			buildConfigurations = (
				3AFA383A22B453FD00C34C2E /* Debug */,
				3AFA383B22B453FD00C34C2E /* Release */,
			);
			defaultConfigurationIsVisible = 0;
			defaultConfigurationName = Release;
		};
/* End XCConfigurationList section */
	};
	rootObject = 3AFA381F22B453FD00C34C2E /* Project object */;
}
